
Microsoft Visual Studio Solution File, Format Version 12.00
# Visual Studio 15
VisualStudioVersion = 15.0.28010.2046
MinimumVisualStudioVersion = 10.0.40219.1
Project("{8BC9CEB8-8B4A-11D0-8D11-00A0C91BC942}") = "GameEngine", "GameEngine\GameEngine.vcxproj", "{AC278E74-4B9A-404C-9229-1C280E475680}"
EndProject
Global
	GlobalSection(SolutionConfigurationPlatforms) = preSolution
		Debug|x64 = Debug|x64
		Debug|x86 = Debug|x86
		Release|x64 = Release|x64
		Release|x86 = Release|x86
	EndGlobalSection
	GlobalSection(ProjectConfigurationPlatforms) = postSolution
		{AC278E74-4B9A-404C-9229-1C280E475680}.Debug|x64.ActiveCfg = Debug|x64
		{AC278E74-4B9A-404C-9229-1C280E475680}.Debug|x64.Build.0 = Debug|x64
		{AC278E74-4B9A-404C-9229-1C280E475680}.Debug|x86.ActiveCfg = Debug|Win32
		{AC278E74-4B9A-404C-9229-1C280E475680}.Debug|x86.Build.0 = Debug|Win32
		{AC278E74-4B9A-404C-9229-1C280E475680}.Release|x64.ActiveCfg = Release|x64
		{AC278E74-4B9A-404C-9229-1C280E475680}.Release|x64.Build.0 = Release|x64
		{AC278E74-4B9A-404C-9229-1C280E475680}.Release|x86.ActiveCfg = Release|Win32
		{AC278E74-4B9A-404C-9229-1C280E475680}.Release|x86.Build.0 = Release|Win32
	EndGlobalSection
	GlobalSection(SolutionProperties) = preSolution
		HideSolutionNode = FALSE
	EndGlobalSection
	GlobalSection(ExtensibilityGlobals) = postSolution
		SolutionGuid = {FF363B4B-ED04-4484-8811-8CC60EF3FD62}
	EndGlobalSection
EndGlobal
