
Microsoft Visual Studio Solution File, Format Version 12.00
# Visual Studio Version 16
VisualStudioVersion = 16.0.29306.81
MinimumVisualStudioVersion = 10.0.40219.1
Project("{8BC9CEB8-8B4A-11D0-8D11-00A0C91BC942}") = "PhysicsEngine", "PhysicsEngine\PhysicsEngine.vcxproj", "{49800968-9FAE-42C7-B839-3027934DBCFC}"
	ProjectSection(ProjectDependencies) = postProject
		{030D563B-E06D-4021-8B4F-EA80996F5313} = {030D563B-E06D-4021-8B4F-EA80996F5313}
		{BBBC9FA1-AAFB-4770-BB3C-D1DED65BB010} = {BBBC9FA1-AAFB-4770-BB3C-D1DED65BB010}
	EndProjectSection
EndProject
Project("{8BC9CEB8-8B4A-11D0-8D11-00A0C91BC942}") = "RenderEngine", "RenderEngine\RenderEngine.vcxproj", "{272C7351-FF4D-4E85-8D09-D3B6596D8108}"
	ProjectSection(ProjectDependencies) = postProject
		{030D563B-E06D-4021-8B4F-EA80996F5313} = {030D563B-E06D-4021-8B4F-EA80996F5313}
		{BBBC9FA1-AAFB-4770-BB3C-D1DED65BB010} = {BBBC9FA1-AAFB-4770-BB3C-D1DED65BB010}
	EndProjectSection
EndProject
Project("{8BC9CEB8-8B4A-11D0-8D11-00A0C91BC942}") = "Engine", "Engine\Engine.vcxproj", "{9E7D33AD-ABCD-46CA-AD37-2E9B3F237B61}"
	ProjectSection(ProjectDependencies) = postProject
		{030D563B-E06D-4021-8B4F-EA80996F5313} = {030D563B-E06D-4021-8B4F-EA80996F5313}
		{272C7351-FF4D-4E85-8D09-D3B6596D8108} = {272C7351-FF4D-4E85-8D09-D3B6596D8108}
		{49800968-9FAE-42C7-B839-3027934DBCFC} = {49800968-9FAE-42C7-B839-3027934DBCFC}
		{BBBC9FA1-AAFB-4770-BB3C-D1DED65BB010} = {BBBC9FA1-AAFB-4770-BB3C-D1DED65BB010}
	EndProjectSection
EndProject
Project("{8BC9CEB8-8B4A-11D0-8D11-00A0C91BC942}") = "Game", "Game\Game.vcxproj", "{C84E3997-35C1-4867-A2C6-93420E0942CC}"
	ProjectSection(ProjectDependencies) = postProject
		{030D563B-E06D-4021-8B4F-EA80996F5313} = {030D563B-E06D-4021-8B4F-EA80996F5313}
		{272C7351-FF4D-4E85-8D09-D3B6596D8108} = {272C7351-FF4D-4E85-8D09-D3B6596D8108}
		{49800968-9FAE-42C7-B839-3027934DBCFC} = {49800968-9FAE-42C7-B839-3027934DBCFC}
		{BBBC9FA1-AAFB-4770-BB3C-D1DED65BB010} = {BBBC9FA1-AAFB-4770-BB3C-D1DED65BB010}
		{9E7D33AD-ABCD-46CA-AD37-2E9B3F237B61} = {9E7D33AD-ABCD-46CA-AD37-2E9B3F237B61}
	EndProjectSection
EndProject
Project("{8BC9CEB8-8B4A-11D0-8D11-00A0C91BC942}") = "Geometry", "Geometry\Geometry.vcxproj", "{BBBC9FA1-AAFB-4770-BB3C-D1DED65BB010}"
	ProjectSection(ProjectDependencies) = postProject
		{030D563B-E06D-4021-8B4F-EA80996F5313} = {030D563B-E06D-4021-8B4F-EA80996F5313}
	EndProjectSection
EndProject
Project("{8BC9CEB8-8B4A-11D0-8D11-00A0C91BC942}") = "Utilities", "Utilities\Utilities.vcxproj", "{030D563B-E06D-4021-8B4F-EA80996F5313}"
EndProject
Project("{8BC9CEB8-8B4A-11D0-8D11-00A0C91BC942}") = "Tester", "Tester\Tester.vcxproj", "{C02BDCD3-D250-46A6-9EF4-67CFF1615EB2}"
	ProjectSection(ProjectDependencies) = postProject
		{030D563B-E06D-4021-8B4F-EA80996F5313} = {030D563B-E06D-4021-8B4F-EA80996F5313}
		{272C7351-FF4D-4E85-8D09-D3B6596D8108} = {272C7351-FF4D-4E85-8D09-D3B6596D8108}
		{BBBC9FA1-AAFB-4770-BB3C-D1DED65BB010} = {BBBC9FA1-AAFB-4770-BB3C-D1DED65BB010}
	EndProjectSection
EndProject
Global
	GlobalSection(SolutionConfigurationPlatforms) = preSolution
		Debug|x64 = Debug|x64
		Debug|x86 = Debug|x86
		Release|x64 = Release|x64
		Release|x86 = Release|x86
	EndGlobalSection
	GlobalSection(ProjectConfigurationPlatforms) = postSolution
		{49800968-9FAE-42C7-B839-3027934DBCFC}.Debug|x64.ActiveCfg = Debug|x64
		{49800968-9FAE-42C7-B839-3027934DBCFC}.Debug|x64.Build.0 = Debug|x64
		{49800968-9FAE-42C7-B839-3027934DBCFC}.Debug|x86.ActiveCfg = Debug|Win32
		{49800968-9FAE-42C7-B839-3027934DBCFC}.Debug|x86.Build.0 = Debug|Win32
		{49800968-9FAE-42C7-B839-3027934DBCFC}.Release|x64.ActiveCfg = Release|x64
		{49800968-9FAE-42C7-B839-3027934DBCFC}.Release|x64.Build.0 = Release|x64
		{49800968-9FAE-42C7-B839-3027934DBCFC}.Release|x86.ActiveCfg = Release|Win32
		{49800968-9FAE-42C7-B839-3027934DBCFC}.Release|x86.Build.0 = Release|Win32
		{272C7351-FF4D-4E85-8D09-D3B6596D8108}.Debug|x64.ActiveCfg = Debug|x64
		{272C7351-FF4D-4E85-8D09-D3B6596D8108}.Debug|x64.Build.0 = Debug|x64
		{272C7351-FF4D-4E85-8D09-D3B6596D8108}.Debug|x86.ActiveCfg = Debug|Win32
		{272C7351-FF4D-4E85-8D09-D3B6596D8108}.Debug|x86.Build.0 = Debug|Win32
		{272C7351-FF4D-4E85-8D09-D3B6596D8108}.Release|x64.ActiveCfg = Release|x64
		{272C7351-FF4D-4E85-8D09-D3B6596D8108}.Release|x64.Build.0 = Release|x64
		{272C7351-FF4D-4E85-8D09-D3B6596D8108}.Release|x86.ActiveCfg = Release|Win32
		{272C7351-FF4D-4E85-8D09-D3B6596D8108}.Release|x86.Build.0 = Release|Win32
		{9E7D33AD-ABCD-46CA-AD37-2E9B3F237B61}.Debug|x64.ActiveCfg = Debug|x64
		{9E7D33AD-ABCD-46CA-AD37-2E9B3F237B61}.Debug|x64.Build.0 = Debug|x64
		{9E7D33AD-ABCD-46CA-AD37-2E9B3F237B61}.Debug|x86.ActiveCfg = Debug|Win32
		{9E7D33AD-ABCD-46CA-AD37-2E9B3F237B61}.Debug|x86.Build.0 = Debug|Win32
		{9E7D33AD-ABCD-46CA-AD37-2E9B3F237B61}.Release|x64.ActiveCfg = Release|x64
		{9E7D33AD-ABCD-46CA-AD37-2E9B3F237B61}.Release|x64.Build.0 = Release|x64
		{9E7D33AD-ABCD-46CA-AD37-2E9B3F237B61}.Release|x86.ActiveCfg = Release|Win32
		{9E7D33AD-ABCD-46CA-AD37-2E9B3F237B61}.Release|x86.Build.0 = Release|Win32
		{C84E3997-35C1-4867-A2C6-93420E0942CC}.Debug|x64.ActiveCfg = Debug|x64
		{C84E3997-35C1-4867-A2C6-93420E0942CC}.Debug|x64.Build.0 = Debug|x64
		{C84E3997-35C1-4867-A2C6-93420E0942CC}.Debug|x86.ActiveCfg = Debug|Win32
		{C84E3997-35C1-4867-A2C6-93420E0942CC}.Debug|x86.Build.0 = Debug|Win32
		{C84E3997-35C1-4867-A2C6-93420E0942CC}.Release|x64.ActiveCfg = Release|x64
		{C84E3997-35C1-4867-A2C6-93420E0942CC}.Release|x64.Build.0 = Release|x64
		{C84E3997-35C1-4867-A2C6-93420E0942CC}.Release|x86.ActiveCfg = Release|Win32
		{C84E3997-35C1-4867-A2C6-93420E0942CC}.Release|x86.Build.0 = Release|Win32
		{BBBC9FA1-AAFB-4770-BB3C-D1DED65BB010}.Debug|x64.ActiveCfg = Debug|x64
		{BBBC9FA1-AAFB-4770-BB3C-D1DED65BB010}.Debug|x64.Build.0 = Debug|x64
		{BBBC9FA1-AAFB-4770-BB3C-D1DED65BB010}.Debug|x86.ActiveCfg = Debug|Win32
		{BBBC9FA1-AAFB-4770-BB3C-D1DED65BB010}.Debug|x86.Build.0 = Debug|Win32
		{BBBC9FA1-AAFB-4770-BB3C-D1DED65BB010}.Release|x64.ActiveCfg = Release|x64
		{BBBC9FA1-AAFB-4770-BB3C-D1DED65BB010}.Release|x64.Build.0 = Release|x64
		{BBBC9FA1-AAFB-4770-BB3C-D1DED65BB010}.Release|x86.ActiveCfg = Release|Win32
		{BBBC9FA1-AAFB-4770-BB3C-D1DED65BB010}.Release|x86.Build.0 = Release|Win32
		{030D563B-E06D-4021-8B4F-EA80996F5313}.Debug|x64.ActiveCfg = Debug|x64
		{030D563B-E06D-4021-8B4F-EA80996F5313}.Debug|x64.Build.0 = Debug|x64
		{030D563B-E06D-4021-8B4F-EA80996F5313}.Debug|x86.ActiveCfg = Debug|Win32
		{030D563B-E06D-4021-8B4F-EA80996F5313}.Debug|x86.Build.0 = Debug|Win32
		{030D563B-E06D-4021-8B4F-EA80996F5313}.Release|x64.ActiveCfg = Release|x64
		{030D563B-E06D-4021-8B4F-EA80996F5313}.Release|x64.Build.0 = Release|x64
		{030D563B-E06D-4021-8B4F-EA80996F5313}.Release|x86.ActiveCfg = Release|Win32
		{030D563B-E06D-4021-8B4F-EA80996F5313}.Release|x86.Build.0 = Release|Win32
		{C02BDCD3-D250-46A6-9EF4-67CFF1615EB2}.Debug|x64.ActiveCfg = Debug|x64
		{C02BDCD3-D250-46A6-9EF4-67CFF1615EB2}.Debug|x64.Build.0 = Debug|x64
		{C02BDCD3-D250-46A6-9EF4-67CFF1615EB2}.Debug|x86.ActiveCfg = Debug|Win32
		{C02BDCD3-D250-46A6-9EF4-67CFF1615EB2}.Debug|x86.Build.0 = Debug|Win32
		{C02BDCD3-D250-46A6-9EF4-67CFF1615EB2}.Release|x64.ActiveCfg = Release|x64
		{C02BDCD3-D250-46A6-9EF4-67CFF1615EB2}.Release|x64.Build.0 = Release|x64
		{C02BDCD3-D250-46A6-9EF4-67CFF1615EB2}.Release|x86.ActiveCfg = Release|Win32
		{C02BDCD3-D250-46A6-9EF4-67CFF1615EB2}.Release|x86.Build.0 = Release|Win32
	EndGlobalSection
	GlobalSection(SolutionProperties) = preSolution
		HideSolutionNode = FALSE
	EndGlobalSection
	GlobalSection(ExtensibilityGlobals) = postSolution
		SolutionGuid = {FF363B4B-ED04-4484-8811-8CC60EF3FD62}
	EndGlobalSection
EndGlobal
