<?xml version="1.0" encoding="utf-8"?>
<Project ToolsVersion="4.0" xmlns="http://schemas.microsoft.com/developer/msbuild/2003">
  <ItemGroup>
    <Filter Include="Source Files">
      <UniqueIdentifier>{4FC737F1-C7A5-4376-A066-2A32D752A2FF}</UniqueIdentifier>
      <Extensions>cpp;c;cc;cxx;def;odl;idl;hpj;bat;asm;asmx</Extensions>
    </Filter>
    <Filter Include="Header Files">
      <UniqueIdentifier>{93995380-89BD-4b04-88EB-625FBE52EBFB}</UniqueIdentifier>
      <Extensions>h;hh;hpp;hxx;hm;inl;inc;ipp;xsd</Extensions>
    </Filter>
    <Filter Include="Resource Files">
      <UniqueIdentifier>{67DA6AB6-F800-4c08-8B7A-83BB121AAD01}</UniqueIdentifier>
      <Extensions>rc;ico;cur;bmp;dlg;rc2;rct;bin;rgs;gif;jpg;jpeg;jpe;resx;tiff;tif;png;wav;mfcribbon-ms</Extensions>
    </Filter>
  </ItemGroup>
  <ItemGroup>
    <ClInclude Include="include\geometry.h">
      <Filter>Header Files</Filter>
    </ClInclude>
    <ClInclude Include="include\internal\catmull_rom_transitioner.h">
      <Filter>Header Files</Filter>
    </ClInclude>
    <ClInclude Include="include\internal\cubic_transitioner.h">
      <Filter>Header Files</Filter>
    </ClInclude>
    <ClInclude Include="include\internal\depth_transform.h">
      <Filter>Header Files</Filter>
    </ClInclude>
    <ClInclude Include="include\internal\hard_transitioner.h">
      <Filter>Header Files</Filter>
    </ClInclude>
    <ClInclude Include="include\internal\hermite_transitioner.h">
      <Filter>Header Files</Filter>
    </ClInclude>
    <ClInclude Include="include\internal\linear_transitioner.h">
      <Filter>Header Files</Filter>
    </ClInclude>
    <ClInclude Include="include\internal\ray.h">
      <Filter>Header Files</Filter>
    </ClInclude>
    <ClInclude Include="include\internal\rotation.h">
      <Filter>Header Files</Filter>
    </ClInclude>
    <ClInclude Include="include\internal\sphere.h">
      <Filter>Header Files</Filter>
    </ClInclude>
    <ClInclude Include="include\internal\spline_transitioner.h">
      <Filter>Header Files</Filter>
    </ClInclude>
    <ClInclude Include="include\internal\transform.h">
      <Filter>Header Files</Filter>
    </ClInclude>
    <ClInclude Include="include\internal\transitioner.h">
      <Filter>Header Files</Filter>
    </ClInclude>
    <ClInclude Include="include\internal\triangle.h">
      <Filter>Header Files</Filter>
    </ClInclude>
    <ClInclude Include="include\internal\unclamped_rotation.h">
      <Filter>Header Files</Filter>
    </ClInclude>
    <ClInclude Include="include\internal\axis_aligned_box.h">
      <Filter>Header Files</Filter>
    </ClInclude>
    <ClInclude Include="include\internal\axis_aligned_half_space.h">
      <Filter>Header Files</Filter>
    </ClInclude>
    <ClInclude Include="include\internal\box.h">
      <Filter>Header Files</Filter>
    </ClInclude>
    <ClInclude Include="include\internal\half_space.h">
      <Filter>Header Files</Filter>
    </ClInclude>
    <ClInclude Include="include\internal\line.h">
      <Filter>Header Files</Filter>
    </ClInclude>
    <ClInclude Include="include\internal\line_segment.h">
      <Filter>Header Files</Filter>
    </ClInclude>
    <ClInclude Include="include\internal\located_vector.h">
      <Filter>Header Files</Filter>
    </ClInclude>
    <ClInclude Include="include\internal\geometric.h">
      <Filter>Header Files</Filter>
    </ClInclude>
    <ClInclude Include="include\internal\deep_transform.h">
      <Filter>Header Files</Filter>
    </ClInclude>
  </ItemGroup>
  <ItemGroup>
    <ClCompile Include="src\axis_aligned_box.cpp">
      <Filter>Source Files</Filter>
    </ClCompile>
    <ClCompile Include="src\axis_aligned_half_space.cpp">
      <Filter>Source Files</Filter>
    </ClCompile>
    <ClCompile Include="src\box.cpp">
      <Filter>Source Files</Filter>
    </ClCompile>
    <ClCompile Include="src\depth_transform.cpp">
      <Filter>Source Files</Filter>
    </ClCompile>
    <ClCompile Include="src\half_space.cpp">
      <Filter>Source Files</Filter>
    </ClCompile>
    <ClCompile Include="src\line.cpp">
      <Filter>Source Files</Filter>
    </ClCompile>
    <ClCompile Include="src\line_segment.cpp">
      <Filter>Source Files</Filter>
    </ClCompile>
    <ClCompile Include="src\ray.cpp">
      <Filter>Source Files</Filter>
    </ClCompile>
    <ClCompile Include="src\rotation.cpp">
      <Filter>Source Files</Filter>
    </ClCompile>
    <ClCompile Include="src\sphere.cpp">
      <Filter>Source Files</Filter>
    </ClCompile>
    <ClCompile Include="src\transform.cpp">
      <Filter>Source Files</Filter>
    </ClCompile>
    <ClCompile Include="src\triangle.cpp">
      <Filter>Source Files</Filter>
    </ClCompile>
    <ClCompile Include="src\unclamped_rotation.cpp">
      <Filter>Source Files</Filter>
    </ClCompile>
    <ClCompile Include="src\deep_transform.cpp">
      <Filter>Source Files</Filter>
    </ClCompile>
  </ItemGroup>
</Project>