<?xml version="1.0" encoding="utf-8"?>
<Project ToolsVersion="4.0" xmlns="http://schemas.microsoft.com/developer/msbuild/2003">
  <ItemGroup>
    <Filter Include="Source Files">
      <UniqueIdentifier>{4FC737F1-C7A5-4376-A066-2A32D752A2FF}</UniqueIdentifier>
      <Extensions>cpp;c;cc;cxx;def;odl;idl;hpj;bat;asm;asmx</Extensions>
    </Filter>
    <Filter Include="Header Files">
      <UniqueIdentifier>{93995380-89BD-4b04-88EB-625FBE52EBFB}</UniqueIdentifier>
      <Extensions>h;hh;hpp;hxx;hm;inl;inc;ipp;xsd</Extensions>
    </Filter>
    <Filter Include="Resource Files">
      <UniqueIdentifier>{67DA6AB6-F800-4c08-8B7A-83BB121AAD01}</UniqueIdentifier>
      <Extensions>rc;ico;cur;bmp;dlg;rc2;rct;bin;rgs;gif;jpg;jpeg;jpe;resx;tiff;tif;png;wav;mfcribbon-ms</Extensions>
    </Filter>
  </ItemGroup>
  <ItemGroup>
    <ClInclude Include="include\render.h">
      <Filter>Header Files</Filter>
    </ClInclude>
    <ClInclude Include="include\internal\blend_settings.h">
      <Filter>Header Files</Filter>
    </ClInclude>
    <ClInclude Include="include\internal\camera.h">
      <Filter>Header Files</Filter>
    </ClInclude>
    <ClInclude Include="include\internal\circle_renderer.h">
      <Filter>Header Files</Filter>
    </ClInclude>
    <ClInclude Include="include\internal\color.h">
      <Filter>Header Files</Filter>
    </ClInclude>
    <ClInclude Include="include\internal\debug_mesh_vertex_data_renderer.h">
      <Filter>Header Files</Filter>
    </ClInclude>
    <ClInclude Include="include\internal\font_face.h">
      <Filter>Header Files</Filter>
    </ClInclude>
    <ClInclude Include="include\internal\font_face_raster_set.h">
      <Filter>Header Files</Filter>
    </ClInclude>
    <ClInclude Include="include\internal\font_manager.h">
      <Filter>Header Files</Filter>
    </ClInclude>
    <ClInclude Include="include\internal\framebuffer.h">
      <Filter>Header Files</Filter>
    </ClInclude>
    <ClInclude Include="include\internal\mesh_vertex_data.h">
      <Filter>Header Files</Filter>
    </ClInclude>
    <ClInclude Include="include\internal\particle_system2.h">
      <Filter>Header Files</Filter>
    </ClInclude>
    <ClInclude Include="include\internal\projection.h">
      <Filter>Header Files</Filter>
    </ClInclude>
    <ClInclude Include="include\internal\render_manager.h">
      <Filter>Header Files</Filter>
    </ClInclude>
    <ClInclude Include="include\internal\render_pass.h">
      <Filter>Header Files</Filter>
    </ClInclude>
    <ClInclude Include="include\internal\ribbon2.h">
      <Filter>Header Files</Filter>
    </ClInclude>
    <ClInclude Include="include\internal\shader.h">
      <Filter>Header Files</Filter>
    </ClInclude>
    <ClInclude Include="include\internal\shader_program.h">
      <Filter>Header Files</Filter>
    </ClInclude>
    <ClInclude Include="include\internal\shader_program_instance.h">
      <Filter>Header Files</Filter>
    </ClInclude>
    <ClInclude Include="include\internal\sprite.h">
      <Filter>Header Files</Filter>
    </ClInclude>
    <ClInclude Include="include\internal\text2.h">
      <Filter>Header Files</Filter>
    </ClInclude>
    <ClInclude Include="include\internal\texture.h">
      <Filter>Header Files</Filter>
    </ClInclude>
    <ClInclude Include="include\internal\texture_manager.h">
      <Filter>Header Files</Filter>
    </ClInclude>
    <ClInclude Include="include\internal\window.h">
      <Filter>Header Files</Filter>
    </ClInclude>
    <ClInclude Include="include\internal\display_distance.h">
      <Filter>Header Files</Filter>
    </ClInclude>
    <ClInclude Include="include\internal\renderable.h">
      <Filter>Header Files</Filter>
    </ClInclude>
    <ClInclude Include="include\internal\vertex_pusher.h">
      <Filter>Header Files</Filter>
    </ClInclude>
    <ClInclude Include="include\internal\render_engine.h">
      <Filter>Header Files</Filter>
    </ClInclude>
    <ClInclude Include="include\internal\gpu_buffer.h">
      <Filter>Header Files</Filter>
    </ClInclude>
    <ClInclude Include="include\internal\virtual_vertex_pusher.h">
      <Filter>Header Files</Filter>
    </ClInclude>
    <ClInclude Include="include\internal\uniform_pusher.h">
      <Filter>Header Files</Filter>
    </ClInclude>
    <ClInclude Include="include\internal\render_target.h">
      <Filter>Header Files</Filter>
    </ClInclude>
    <ClInclude Include="include\internal\window_proc.h">
      <Filter>Header Files</Filter>
    </ClInclude>
    <ClInclude Include="include\internal\enum_wrappers.h">
      <Filter>Header Files</Filter>
    </ClInclude>
    <ClInclude Include="include\internal\display.h">
      <Filter>Header Files</Filter>
    </ClInclude>
    <ClInclude Include="include\internal\display_manager.h">
      <Filter>Header Files</Filter>
    </ClInclude>
    <ClInclude Include="include\internal\render_request.h">
      <Filter>Header Files</Filter>
    </ClInclude>
    <ClInclude Include="include\internal\clear_command.h">
      <Filter>Header Files</Filter>
    </ClInclude>
    <ClInclude Include="include\internal\shader_data_pusher.h">
      <Filter>Header Files</Filter>
    </ClInclude>
  </ItemGroup>
  <ItemGroup>
    <ClCompile Include="src\blend_settings.cpp">
      <Filter>Source Files</Filter>
    </ClCompile>
    <ClCompile Include="src\camera.cpp">
      <Filter>Source Files</Filter>
    </ClCompile>
    <ClCompile Include="src\circle_renderer.cpp">
      <Filter>Source Files</Filter>
    </ClCompile>
    <ClCompile Include="src\debug_mesh_vertex_data_renderer.cpp">
      <Filter>Source Files</Filter>
    </ClCompile>
    <ClCompile Include="src\font_face.cpp">
      <Filter>Source Files</Filter>
    </ClCompile>
    <ClCompile Include="src\font_face_raster_set.cpp">
      <Filter>Source Files</Filter>
    </ClCompile>
    <ClCompile Include="src\font_manager.cpp">
      <Filter>Source Files</Filter>
    </ClCompile>
    <ClCompile Include="src\framebuffer.cpp">
      <Filter>Source Files</Filter>
    </ClCompile>
    <ClCompile Include="src\mesh_vertex_data.cpp">
      <Filter>Source Files</Filter>
    </ClCompile>
    <ClCompile Include="src\particle_system2.cpp">
      <Filter>Source Files</Filter>
    </ClCompile>
    <ClCompile Include="src\projection.cpp">
      <Filter>Source Files</Filter>
    </ClCompile>
    <ClCompile Include="src\render_manager.cpp">
      <Filter>Source Files</Filter>
    </ClCompile>
    <ClCompile Include="src\render_pass.cpp">
      <Filter>Source Files</Filter>
    </ClCompile>
    <ClCompile Include="src\ribbon2.cpp">
      <Filter>Source Files</Filter>
    </ClCompile>
    <ClCompile Include="src\shader.cpp">
      <Filter>Source Files</Filter>
    </ClCompile>
    <ClCompile Include="src\shader_program.cpp">
      <Filter>Source Files</Filter>
    </ClCompile>
    <ClCompile Include="src\shader_program_instance.cpp">
      <Filter>Source Files</Filter>
    </ClCompile>
    <ClCompile Include="src\sprite.cpp">
      <Filter>Source Files</Filter>
    </ClCompile>
    <ClCompile Include="src\text2.cpp">
      <Filter>Source Files</Filter>
    </ClCompile>
    <ClCompile Include="src\texture.cpp">
      <Filter>Source Files</Filter>
    </ClCompile>
    <ClCompile Include="src\texture_manager.cpp">
      <Filter>Source Files</Filter>
    </ClCompile>
    <ClCompile Include="src\window.cpp">
      <Filter>Source Files</Filter>
    </ClCompile>
    <ClCompile Include="src\display.cpp">
      <Filter>Source Files</Filter>
    </ClCompile>
    <ClCompile Include="src\vertex_pusher.cpp">
      <Filter>Source Files</Filter>
    </ClCompile>
    <ClCompile Include="src\gpu_buffer.cpp">
      <Filter>Source Files</Filter>
    </ClCompile>
    <ClCompile Include="src\virtual_vertex_pusher.cpp">
      <Filter>Source Files</Filter>
    </ClCompile>
    <ClCompile Include="src\window_proc.cpp">
      <Filter>Source Files</Filter>
    </ClCompile>
    <ClCompile Include="src\enum_wrappers.cpp">
      <Filter>Source Files</Filter>
    </ClCompile>
    <ClCompile Include="src\display_manager.cpp">
      <Filter>Source Files</Filter>
    </ClCompile>
    <ClCompile Include="src\render_engine.cpp">
      <Filter>Source Files</Filter>
    </ClCompile>
  </ItemGroup>
</Project>