<?xml version="1.0" encoding="utf-8"?>
<Project ToolsVersion="4.0" xmlns="http://schemas.microsoft.com/developer/msbuild/2003">
  <ItemGroup>
    <Filter Include="Source Files">
      <UniqueIdentifier>{4FC737F1-C7A5-4376-A066-2A32D752A2FF}</UniqueIdentifier>
      <Extensions>cpp;c;cc;cxx;def;odl;idl;hpj;bat;asm;asmx</Extensions>
    </Filter>
    <Filter Include="Header Files">
      <UniqueIdentifier>{93995380-89BD-4b04-88EB-625FBE52EBFB}</UniqueIdentifier>
      <Extensions>h;hh;hpp;hxx;hm;inl;inc;xsd</Extensions>
    </Filter>
    <Filter Include="Resource Files">
      <UniqueIdentifier>{67DA6AB6-F800-4c08-8B7A-83BB121AAD01}</UniqueIdentifier>
      <Extensions>rc;ico;cur;bmp;dlg;rc2;rct;bin;rgs;gif;jpg;jpeg;jpe;resx;tiff;tif;png;wav;mfcribbon-ms</Extensions>
    </Filter>
    <Filter Include="Header Files\geometry">
      <UniqueIdentifier>{d07eb688-d4bd-4ef0-b32f-9a83976cfa54}</UniqueIdentifier>
    </Filter>
    <Filter Include="Header Files\objects">
      <UniqueIdentifier>{49de0036-d1fa-4267-9411-5a182c2e97aa}</UniqueIdentifier>
    </Filter>
    <Filter Include="Header Files\ai">
      <UniqueIdentifier>{12cbfd3a-7bd6-4924-b1f6-2fb623616d88}</UniqueIdentifier>
    </Filter>
    <Filter Include="Header Files\util">
      <UniqueIdentifier>{2876dfe8-71ce-4b4e-a9dd-9c202b04d961}</UniqueIdentifier>
    </Filter>
    <Filter Include="Header Files\framework">
      <UniqueIdentifier>{875ef06e-25ed-4ceb-8dcd-8ea0c255cfef}</UniqueIdentifier>
    </Filter>
    <Filter Include="Header Files\render">
      <UniqueIdentifier>{7e17faba-5f0f-4195-8887-4843e566f348}</UniqueIdentifier>
    </Filter>
    <Filter Include="Header Files\collision">
      <UniqueIdentifier>{b2fd311c-f319-430f-a4a9-f9a13ba0ee96}</UniqueIdentifier>
    </Filter>
    <Filter Include="Source Files\ai">
      <UniqueIdentifier>{71184422-d7bf-47fc-8e16-0ddd6749066a}</UniqueIdentifier>
    </Filter>
    <Filter Include="Source Files\framework">
      <UniqueIdentifier>{697467b0-3bf2-494d-8371-025beb68651f}</UniqueIdentifier>
    </Filter>
    <Filter Include="Source Files\objects">
      <UniqueIdentifier>{bb4763ec-b8d8-4d26-8ebf-289f0f95f81f}</UniqueIdentifier>
    </Filter>
    <Filter Include="Source Files\util">
      <UniqueIdentifier>{7ba67459-49c8-40e5-940a-da4088fc4eaa}</UniqueIdentifier>
    </Filter>
    <Filter Include="Source Files\render">
      <UniqueIdentifier>{746a44f5-ded6-4255-bcc7-7f80a50cad34}</UniqueIdentifier>
    </Filter>
    <Filter Include="Source Files\collision">
      <UniqueIdentifier>{dc3c5657-393d-4824-931d-39837818442b}</UniqueIdentifier>
    </Filter>
    <Filter Include="Source Files\geometry">
      <UniqueIdentifier>{328a4554-a0d8-45c5-b2b4-2a101562c584}</UniqueIdentifier>
    </Filter>
    <Filter Include="Header Files\geometry\trash">
      <UniqueIdentifier>{ed9d3640-d4dd-4cda-b802-28ca784705b8}</UniqueIdentifier>
    </Filter>
    <Filter Include="Header Files\framework\async">
      <UniqueIdentifier>{dc87b505-7272-48a7-b4db-14156372a565}</UniqueIdentifier>
    </Filter>
    <Filter Include="Source Files\framework\async">
      <UniqueIdentifier>{f8325c7c-1594-46c5-8833-c9ea23beaa36}</UniqueIdentifier>
    </Filter>
    <Filter Include="Source Files\render\texture">
      <UniqueIdentifier>{3b9a6c4d-5034-48ba-86b9-e3b09837dd07}</UniqueIdentifier>
    </Filter>
    <Filter Include="Header Files\render\texture">
      <UniqueIdentifier>{7ca1206c-e6ef-46b4-b27c-c438869859fb}</UniqueIdentifier>
    </Filter>
    <Filter Include="Header Files\framework\input">
      <UniqueIdentifier>{5aff7fda-2542-4ccc-8112-2373090850da}</UniqueIdentifier>
    </Filter>
    <Filter Include="Source Files\framework\input">
      <UniqueIdentifier>{f98f1388-eab9-4e5f-b138-09b568fd44c8}</UniqueIdentifier>
    </Filter>
    <Filter Include="Header Files\collision\masks">
      <UniqueIdentifier>{1003c182-3be5-48f9-a72b-b37535b8cf5c}</UniqueIdentifier>
    </Filter>
    <Filter Include="Header Files\collision\evaluators">
      <UniqueIdentifier>{6756d4b3-c81f-4474-8d80-00c815081f4d}</UniqueIdentifier>
    </Filter>
    <Filter Include="Source Files\collision\evaluators">
      <UniqueIdentifier>{b895a3d9-7d03-495f-bbc9-ca5c592e2439}</UniqueIdentifier>
    </Filter>
    <Filter Include="Source Files\collision\masks">
      <UniqueIdentifier>{a80cd48d-6853-40c6-b5cc-1c2c151fed2a}</UniqueIdentifier>
    </Filter>
    <Filter Include="Header Files\physics">
      <UniqueIdentifier>{f1105bb4-a658-404b-9acb-0268738838f6}</UniqueIdentifier>
    </Filter>
    <Filter Include="Header Files\framework\input\identifiers">
      <UniqueIdentifier>{27041821-5a32-487b-abc2-f837c621ea8a}</UniqueIdentifier>
    </Filter>
    <Filter Include="Header Files\framework\input\states">
      <UniqueIdentifier>{32484f91-94ab-41f5-ad1e-8f1167b2f6b8}</UniqueIdentifier>
    </Filter>
    <Filter Include="Header Files\framework\input\contexts">
      <UniqueIdentifier>{c475370c-e0c0-425d-a5ff-6ac9b1e306f2}</UniqueIdentifier>
    </Filter>
    <Filter Include="Source Files\framework\input\contexts">
      <UniqueIdentifier>{b357ed8f-5800-411d-8693-29f4ed6ea905}</UniqueIdentifier>
    </Filter>
    <Filter Include="Source Files\framework\input\identifiers">
      <UniqueIdentifier>{91a9bbe3-d4cd-459f-9caa-d5db7ae0d62f}</UniqueIdentifier>
    </Filter>
    <Filter Include="Source Files\physics">
      <UniqueIdentifier>{9183a8f0-0fa4-475f-8af1-f14cc19e0308}</UniqueIdentifier>
    </Filter>
    <Filter Include="Header Files\physics\rigid body">
      <UniqueIdentifier>{d8fd5e3d-f81e-4f9b-9ba0-dbf27b67973f}</UniqueIdentifier>
    </Filter>
    <Filter Include="Header Files\physics\force field">
      <UniqueIdentifier>{ffa8e734-4c60-4d4d-84e0-3b7b470a628e}</UniqueIdentifier>
    </Filter>
    <Filter Include="Source Files\physics\force field">
      <UniqueIdentifier>{6898b4e9-85ee-4bc1-9cf3-fde50fd8e2ad}</UniqueIdentifier>
    </Filter>
    <Filter Include="Source Files\physics\rigid body">
      <UniqueIdentifier>{a664d0b7-c1fb-4880-8722-a8fb9cd7f426}</UniqueIdentifier>
    </Filter>
    <Filter Include="Header Files\util\transition">
      <UniqueIdentifier>{679c41b9-833b-454f-b637-6fe8d4d0c114}</UniqueIdentifier>
    </Filter>
    <Filter Include="Header Files\render\text">
      <UniqueIdentifier>{d31e8768-4d8f-4267-9977-5f322d750453}</UniqueIdentifier>
    </Filter>
    <Filter Include="Header Files\render\shader">
      <UniqueIdentifier>{f6a72257-0a10-4dce-abe9-e9a47bc233a5}</UniqueIdentifier>
    </Filter>
    <Filter Include="Header Files\render\camera">
      <UniqueIdentifier>{f636407f-a3cb-4513-abf4-49bcaad85716}</UniqueIdentifier>
    </Filter>
    <Filter Include="Source Files\render\shader">
      <UniqueIdentifier>{0acce2ac-2d13-43e9-9a9f-2887795e363f}</UniqueIdentifier>
    </Filter>
    <Filter Include="Source Files\render\camera">
      <UniqueIdentifier>{2b171f6e-bcf6-4578-b54d-fab28be0af9f}</UniqueIdentifier>
    </Filter>
    <Filter Include="Source Files\render\text">
      <UniqueIdentifier>{185ac69d-a165-4671-ba63-f3f1310badb1}</UniqueIdentifier>
    </Filter>
    <Filter Include="Header Files\render\target">
      <UniqueIdentifier>{ba0cadff-f72a-40f2-8e7b-2beb4175a5d0}</UniqueIdentifier>
    </Filter>
    <Filter Include="Source Files\render\target">
      <UniqueIdentifier>{d19ca3f2-1cbf-4956-96ae-4b1866353b45}</UniqueIdentifier>
    </Filter>
    <Filter Include="Header Files\render\renderable">
      <UniqueIdentifier>{81be86b6-e825-4c31-9528-e0dc0a3576ef}</UniqueIdentifier>
    </Filter>
    <Filter Include="Source Files\render\renderable">
      <UniqueIdentifier>{52cb7446-38cf-49b7-85d6-8464a8addfbd}</UniqueIdentifier>
    </Filter>
    <Filter Include="Header Files\objects\player ship">
      <UniqueIdentifier>{098f22f3-aa85-4132-8781-3fe7ec794f37}</UniqueIdentifier>
    </Filter>
    <Filter Include="Source Files\objects\player ship">
      <UniqueIdentifier>{5f0dd5b3-1517-440b-8183-deaa168a8aaa}</UniqueIdentifier>
    </Filter>
    <Filter Include="Header Files\objects\test enemy">
      <UniqueIdentifier>{5d475a96-7c3b-40b5-bc2d-3dd56964ccb5}</UniqueIdentifier>
    </Filter>
    <Filter Include="Source Files\objects\test enemy">
      <UniqueIdentifier>{501d5091-79c4-4da7-b469-d229bc8fcf2b}</UniqueIdentifier>
    </Filter>
    <Filter Include="Header Files\objects\collision">
      <UniqueIdentifier>{edd05411-056f-4c83-abe4-616a1a365aea}</UniqueIdentifier>
    </Filter>
    <Filter Include="Source Files\objects\collision">
      <UniqueIdentifier>{fca46e5f-f8c9-44df-99d6-731166bf774c}</UniqueIdentifier>
    </Filter>
    <Filter Include="Source Files\objects\weapons">
      <UniqueIdentifier>{14f786b4-39ac-408a-8570-9a763f51ea33}</UniqueIdentifier>
    </Filter>
    <Filter Include="Source Files\objects\projectiles">
      <UniqueIdentifier>{20f8bba0-c027-4359-b6b5-2591b81e57f6}</UniqueIdentifier>
    </Filter>
    <Filter Include="Header Files\objects\projectiles">
      <UniqueIdentifier>{e6a8cd3e-c915-4de8-9e9b-67b6d21c391f}</UniqueIdentifier>
    </Filter>
    <Filter Include="Header Files\objects\weapons">
      <UniqueIdentifier>{1bbe3e96-7df6-4450-b533-cf327c369ca5}</UniqueIdentifier>
    </Filter>
  </ItemGroup>
  <ItemGroup>
    <ClInclude Include="transform.h">
      <Filter>Header Files\geometry</Filter>
    </ClInclude>
    <ClInclude Include="random.h">
      <Filter>Header Files\util</Filter>
    </ClInclude>
    <ClInclude Include="definitions.h">
      <Filter>Header Files\util</Filter>
    </ClInclude>
    <ClInclude Include="clock.h">
      <Filter>Header Files\framework</Filter>
    </ClInclude>
    <ClInclude Include="collision.h">
      <Filter>Header Files\collision</Filter>
    </ClInclude>
    <ClInclude Include="misc.h">
      <Filter>Header Files\util</Filter>
    </ClInclude>
    <ClInclude Include="stepper.h">
      <Filter>Header Files\util</Filter>
    </ClInclude>
    <ClInclude Include="line_segment.h">
      <Filter>Header Files\geometry</Filter>
    </ClInclude>
    <ClInclude Include="ray.h">
      <Filter>Header Files\geometry</Filter>
    </ClInclude>
    <ClInclude Include="matrix.h">
      <Filter>Header Files\util</Filter>
    </ClInclude>
    <ClInclude Include="line.h">
      <Filter>Header Files\geometry</Filter>
    </ClInclude>
    <ClInclude Include="triangle.h">
      <Filter>Header Files\geometry</Filter>
    </ClInclude>
    <ClInclude Include="log.h">
      <Filter>Header Files\util</Filter>
    </ClInclude>
    <ClInclude Include="bit_manipulation.h">
      <Filter>Header Files\util</Filter>
    </ClInclude>
    <ClInclude Include="windows_error.h">
      <Filter>Header Files\util</Filter>
    </ClInclude>
    <ClInclude Include="resource.h">
      <Filter>Header Files</Filter>
    </ClInclude>
    <ClInclude Include="async_task.h">
      <Filter>Header Files\framework\async</Filter>
    </ClInclude>
    <ClInclude Include="trackable_async_task.h">
      <Filter>Header Files\framework\async</Filter>
    </ClInclude>
    <ClInclude Include="packaged_async_task.h">
      <Filter>Header Files\framework\async</Filter>
    </ClInclude>
    <ClInclude Include="render_pass.h">
      <Filter>Header Files\render</Filter>
    </ClInclude>
    <ClInclude Include="transformable_object.h">
      <Filter>Header Files\geometry</Filter>
    </ClInclude>
    <ClInclude Include="box.h">
      <Filter>Header Files\geometry</Filter>
    </ClInclude>
    <ClInclude Include="game_engine.h">
      <Filter>Header Files\framework</Filter>
    </ClInclude>
    <ClInclude Include="render_manager.h">
      <Filter>Header Files\render</Filter>
    </ClInclude>
    <ClInclude Include="asset_manager.h">
      <Filter>Header Files\framework</Filter>
    </ClInclude>
    <ClInclude Include="texture.h">
      <Filter>Header Files\render\texture</Filter>
    </ClInclude>
    <ClInclude Include="texture_settings.h">
      <Filter>Header Files\render\texture</Filter>
    </ClInclude>
    <ClInclude Include="texture_instance.h">
      <Filter>Header Files\render\texture</Filter>
    </ClInclude>
    <ClInclude Include="display_units.h">
      <Filter>Header Files\render</Filter>
    </ClInclude>
    <ClInclude Include="filtered_object.h">
      <Filter>Header Files\framework</Filter>
    </ClInclude>
    <ClInclude Include="filter_query.h">
      <Filter>Header Files\framework</Filter>
    </ClInclude>
    <ClInclude Include="disableable_object.h">
      <Filter>Header Files\framework</Filter>
    </ClInclude>
    <ClInclude Include="asset.h">
      <Filter>Header Files\framework</Filter>
    </ClInclude>
    <ClInclude Include="key.h">
      <Filter>Header Files\framework\input</Filter>
    </ClInclude>
    <ClInclude Include="raw_input_event.h">
      <Filter>Header Files\framework\input</Filter>
    </ClInclude>
    <ClInclude Include="input_manager.h">
      <Filter>Header Files\framework\input</Filter>
    </ClInclude>
    <ClInclude Include="mouse_button.h">
      <Filter>Header Files\framework\input</Filter>
    </ClInclude>
    <ClInclude Include="test_input_context.h">
      <Filter>Header Files\objects</Filter>
    </ClInclude>
    <ClInclude Include="input_listener.h">
      <Filter>Header Files\framework\input</Filter>
    </ClInclude>
    <ClInclude Include="input_event.h">
      <Filter>Header Files\framework\input</Filter>
    </ClInclude>
    <ClInclude Include="per_frame_update_manager.h">
      <Filter>Header Files\framework</Filter>
    </ClInclude>
    <ClInclude Include="async_task_manager.h">
      <Filter>Header Files\framework\async</Filter>
    </ClInclude>
    <ClInclude Include="per_frame_updateable_object.h">
      <Filter>Header Files\framework</Filter>
    </ClInclude>
    <ClInclude Include="frame_rate_manager.h">
      <Filter>Header Files\framework</Filter>
    </ClInclude>
    <ClInclude Include="input.h">
      <Filter>Header Files\framework\input</Filter>
    </ClInclude>
    <ClInclude Include="input_bindings.h">
      <Filter>Header Files\framework\input</Filter>
    </ClInclude>
    <ClInclude Include="window_manager.h">
      <Filter>Header Files\framework</Filter>
    </ClInclude>
    <ClInclude Include="mesh_vertex_data.h">
      <Filter>Header Files\geometry</Filter>
    </ClInclude>
    <ClInclude Include="exceptions.h">
      <Filter>Header Files\util</Filter>
    </ClInclude>
    <ClInclude Include="window_proc.h">
      <Filter>Header Files\framework\input</Filter>
    </ClInclude>
    <ClInclude Include="rotation.h">
      <Filter>Header Files\geometry</Filter>
    </ClInclude>
    <ClInclude Include="mesh_vertex_gpu_pusher.h">
      <Filter>Header Files\geometry</Filter>
    </ClInclude>
    <ClInclude Include="axis_aligned_box.h">
      <Filter>Header Files\geometry</Filter>
    </ClInclude>
    <ClInclude Include="vector.h">
      <Filter>Header Files\geometry</Filter>
    </ClInclude>
    <ClInclude Include="sphere.h">
      <Filter>Header Files\geometry</Filter>
    </ClInclude>
    <ClInclude Include="collision_mask.h">
      <Filter>Header Files\collision\masks</Filter>
    </ClInclude>
    <ClInclude Include="collision_evaluator.h">
      <Filter>Header Files\collision\evaluators</Filter>
    </ClInclude>
    <ClInclude Include="range.h">
      <Filter>Header Files\geometry</Filter>
    </ClInclude>
    <ClInclude Include="half_space.h">
      <Filter>Header Files\geometry</Filter>
    </ClInclude>
    <ClInclude Include="binary_collision_tree.h">
      <Filter>Header Files\collision</Filter>
    </ClInclude>
    <ClInclude Include="axis_aligned_line.h">
      <Filter>Header Files\geometry</Filter>
    </ClInclude>
    <ClInclude Include="axis_aligned_half_space.h">
      <Filter>Header Files\geometry</Filter>
    </ClInclude>
    <ClInclude Include="keyboard_action_identifier.h">
      <Filter>Header Files\framework\input\identifiers</Filter>
    </ClInclude>
    <ClInclude Include="keyboard_range_identifier.h">
      <Filter>Header Files\framework\input\identifiers</Filter>
    </ClInclude>
    <ClInclude Include="keyboard_state_identifier.h">
      <Filter>Header Files\framework\input\identifiers</Filter>
    </ClInclude>
    <ClInclude Include="mouse_action_identifier.h">
      <Filter>Header Files\framework\input\identifiers</Filter>
    </ClInclude>
    <ClInclude Include="mouse_range_identifier.h">
      <Filter>Header Files\framework\input\identifiers</Filter>
    </ClInclude>
    <ClInclude Include="mouse_state_identifier.h">
      <Filter>Header Files\framework\input\identifiers</Filter>
    </ClInclude>
    <ClInclude Include="input_identifiers.h">
      <Filter>Header Files\framework\input\identifiers</Filter>
    </ClInclude>
    <ClInclude Include="mouse_state.h">
      <Filter>Header Files\framework\input\states</Filter>
    </ClInclude>
    <ClInclude Include="raw_input_state.h">
      <Filter>Header Files\framework\input\states</Filter>
    </ClInclude>
    <ClInclude Include="keyboard_state.h">
      <Filter>Header Files\framework\input\states</Filter>
    </ClInclude>
    <ClInclude Include="overlay_input_context.h">
      <Filter>Header Files\framework\input</Filter>
    </ClInclude>
    <ClInclude Include="editable_text.h">
      <Filter>Header Files\objects</Filter>
    </ClInclude>
    <ClInclude Include="input_context.h">
      <Filter>Header Files\framework\input\contexts</Filter>
    </ClInclude>
    <ClInclude Include="text_input_context.h">
      <Filter>Header Files\framework\input\contexts</Filter>
    </ClInclude>
    <ClInclude Include="keyboard_text_input_context.h">
      <Filter>Header Files\framework\input\contexts</Filter>
    </ClInclude>
    <ClInclude Include="pointer_input_context.h">
      <Filter>Header Files\framework\input\contexts</Filter>
    </ClInclude>
    <ClInclude Include="boolean_or_action_identifier.h">
      <Filter>Header Files\framework\input\identifiers</Filter>
    </ClInclude>
    <ClInclude Include="boolean_and_action_identifier.h">
      <Filter>Header Files\framework\input\identifiers</Filter>
    </ClInclude>
    <ClInclude Include="collision_manager.h">
      <Filter>Header Files\collision</Filter>
    </ClInclude>
    <ClInclude Include="collision_context.h">
      <Filter>Header Files\collision</Filter>
    </ClInclude>
    <ClInclude Include="unclamped_rotation.h">
      <Filter>Header Files\geometry</Filter>
    </ClInclude>
    <ClInclude Include="in_place_collision_evaluator.h">
      <Filter>Header Files\collision\evaluators</Filter>
    </ClInclude>
    <ClInclude Include="depth_transform.h">
      <Filter>Header Files\geometry</Filter>
    </ClInclude>
    <ClInclude Include="deep_transformable_object.h">
      <Filter>Header Files\geometry</Filter>
    </ClInclude>
    <ClInclude Include="deep_object.h">
      <Filter>Header Files\geometry</Filter>
    </ClInclude>
    <ClInclude Include="physics_manager.h">
      <Filter>Header Files\physics</Filter>
    </ClInclude>
    <ClInclude Include="rigid_body.h">
      <Filter>Header Files\physics\rigid body</Filter>
    </ClInclude>
    <ClInclude Include="projection_overlap.h">
      <Filter>Header Files\collision</Filter>
    </ClInclude>
    <ClInclude Include="force_field.h">
      <Filter>Header Files\physics\force field</Filter>
    </ClInclude>
    <ClInclude Include="uniform_force_field.h">
      <Filter>Header Files\physics\force field</Filter>
    </ClInclude>
    <ClInclude Include="located_vector.h">
      <Filter>Header Files\geometry</Filter>
    </ClInclude>
    <ClInclude Include="transitioner.h">
      <Filter>Header Files\util\transition</Filter>
    </ClInclude>
    <ClInclude Include="linear_transitioner.h">
      <Filter>Header Files\util\transition</Filter>
    </ClInclude>
    <ClInclude Include="cubic_transitioner.h">
      <Filter>Header Files\util\transition</Filter>
    </ClInclude>
    <ClInclude Include="hard_transitioner.h">
      <Filter>Header Files\util\transition</Filter>
    </ClInclude>
    <ClInclude Include="hermite_transitioner.h">
      <Filter>Header Files\util\transition</Filter>
    </ClInclude>
    <ClInclude Include="catmull_rom_transitioner.h">
      <Filter>Header Files\util\transition</Filter>
    </ClInclude>
    <ClInclude Include="basic_collision_mask.h">
      <Filter>Header Files\collision\masks</Filter>
    </ClInclude>
    <ClInclude Include="collision_basis_wrapper.h">
      <Filter>Header Files\collision</Filter>
    </ClInclude>
    <ClInclude Include="font_face.h">
      <Filter>Header Files\render\text</Filter>
    </ClInclude>
    <ClInclude Include="font_face_raster_set.h">
      <Filter>Header Files\render\text</Filter>
    </ClInclude>
    <ClInclude Include="font_manager.h">
      <Filter>Header Files\render\text</Filter>
    </ClInclude>
    <ClInclude Include="text2.h">
      <Filter>Header Files\render\text</Filter>
    </ClInclude>
    <ClInclude Include="shader_program_instance.h">
      <Filter>Header Files\render\shader</Filter>
    </ClInclude>
    <ClInclude Include="shader.h">
      <Filter>Header Files\render\shader</Filter>
    </ClInclude>
    <ClInclude Include="shader_program.h">
      <Filter>Header Files\render\shader</Filter>
    </ClInclude>
    <ClInclude Include="projection.h">
      <Filter>Header Files\render\camera</Filter>
    </ClInclude>
    <ClInclude Include="camera_manager.h">
      <Filter>Header Files\render\camera</Filter>
    </ClInclude>
    <ClInclude Include="camera.h">
      <Filter>Header Files\render\camera</Filter>
    </ClInclude>
    <ClInclude Include="color.h">
      <Filter>Header Files\render</Filter>
    </ClInclude>
    <ClInclude Include="render_target.h">
      <Filter>Header Files\render\target</Filter>
    </ClInclude>
    <ClInclude Include="window.h">
      <Filter>Header Files\render\target</Filter>
    </ClInclude>
    <ClInclude Include="framebuffer.h">
      <Filter>Header Files\render\target</Filter>
    </ClInclude>
    <ClInclude Include="circle_renderer.h">
      <Filter>Header Files\render\renderable</Filter>
    </ClInclude>
    <ClInclude Include="renderable_object.h">
      <Filter>Header Files\render\renderable</Filter>
    </ClInclude>
    <ClInclude Include="debug_mesh_vertex_data_renderer.h">
      <Filter>Header Files\render\renderable</Filter>
    </ClInclude>
    <ClInclude Include="particle_system2.h">
      <Filter>Header Files\render\renderable</Filter>
    </ClInclude>
    <ClInclude Include="particle_system2_specifiers.h">
      <Filter>Header Files\render\renderable</Filter>
    </ClInclude>
    <ClInclude Include="mesh_sphere_tree.h">
      <Filter>Header Files\geometry</Filter>
    </ClInclude>
    <ClInclude Include="player_ship.h">
      <Filter>Header Files\objects\player ship</Filter>
    </ClInclude>
    <ClInclude Include="player_ship_renderer.h">
      <Filter>Header Files\objects\player ship</Filter>
    </ClInclude>
    <ClInclude Include="player_ship_mover.h">
      <Filter>Header Files\objects\player ship</Filter>
    </ClInclude>
    <ClInclude Include="player_ship_input_context.h">
      <Filter>Header Files\objects\player ship</Filter>
    </ClInclude>
    <ClInclude Include="game.h">
      <Filter>Header Files\objects</Filter>
    </ClInclude>
    <ClInclude Include="test_enemy.h">
      <Filter>Header Files\objects\test enemy</Filter>
    </ClInclude>
    <ClInclude Include="test_enemy_renderer.h">
      <Filter>Header Files\objects\test enemy</Filter>
    </ClInclude>
    <ClInclude Include="test_enemy_mover.h">
      <Filter>Header Files\objects\test enemy</Filter>
    </ClInclude>
    <ClInclude Include="sprite.h">
      <Filter>Header Files\render\renderable</Filter>
    </ClInclude>
    <ClInclude Include="player_ship_camera_mover.h">
      <Filter>Header Files\objects\player ship</Filter>
    </ClInclude>
    <ClInclude Include="player_ship_weapons_system.h">
      <Filter>Header Files\objects\player ship</Filter>
    </ClInclude>
    <ClInclude Include="destructable_object.h">
      <Filter>Header Files\framework</Filter>
    </ClInclude>
    <ClInclude Include="destruction_manager.h">
      <Filter>Header Files\framework</Filter>
    </ClInclude>
    <ClInclude Include="test_enemy_health.h">
      <Filter>Header Files\objects\test enemy</Filter>
    </ClInclude>
    <ClInclude Include="damage_packet.h">
      <Filter>Header Files\objects</Filter>
    </ClInclude>
    <ClInclude Include="particle_system2_factories.h">
      <Filter>Header Files\render\renderable</Filter>
    </ClInclude>
    <ClInclude Include="blend_settings.h">
      <Filter>Header Files\render</Filter>
    </ClInclude>
    <ClInclude Include="weapon.h">
      <Filter>Header Files\objects\weapons</Filter>
    </ClInclude>
    <ClInclude Include="test_bullet.h">
      <Filter>Header Files\objects\projectiles</Filter>
    </ClInclude>
    <ClInclude Include="test_weapon.h">
      <Filter>Header Files\objects\weapons</Filter>
    </ClInclude>
    <ClInclude Include="laser_cannon.h">
      <Filter>Header Files\objects\weapons</Filter>
    </ClInclude>
    <ClInclude Include="pulse_repeater.h">
      <Filter>Header Files\objects\weapons</Filter>
    </ClInclude>
    <ClInclude Include="minigun.h">
      <Filter>Header Files\objects\weapons</Filter>
    </ClInclude>
    <ClInclude Include="charge_beam.h">
      <Filter>Header Files\objects\weapons</Filter>
    </ClInclude>
    <ClInclude Include="dark_artifact.h">
      <Filter>Header Files\objects\weapons</Filter>
    </ClInclude>
    <ClInclude Include="incapacitator.h">
      <Filter>Header Files\objects\weapons</Filter>
    </ClInclude>
    <ClInclude Include="shrapnel_gun.h">
      <Filter>Header Files\objects\weapons</Filter>
    </ClInclude>
    <ClInclude Include="grenade_launcher.h">
      <Filter>Header Files\objects\weapons</Filter>
    </ClInclude>
    <ClInclude Include="industrial_laser.h">
      <Filter>Header Files\objects\weapons</Filter>
    </ClInclude>
    <ClInclude Include="concussive_wave.h">
      <Filter>Header Files\objects\weapons</Filter>
    </ClInclude>
    <ClInclude Include="volatile_spray.h">
      <Filter>Header Files\objects\weapons</Filter>
    </ClInclude>
    <ClInclude Include="feedback_drone_launcher.h">
      <Filter>Header Files\objects\weapons</Filter>
    </ClInclude>
    <ClInclude Include="precision_laser.h">
      <Filter>Header Files\objects\weapons</Filter>
    </ClInclude>
    <ClInclude Include="chaos_spike.h">
      <Filter>Header Files\objects\weapons</Filter>
    </ClInclude>
    <ClInclude Include="lightning_overloader.h">
      <Filter>Header Files\objects\weapons</Filter>
    </ClInclude>
    <ClInclude Include="relativistic_cannon.h">
      <Filter>Header Files\objects\weapons</Filter>
    </ClInclude>
    <ClInclude Include="chain_bolt.h">
      <Filter>Header Files\objects\weapons</Filter>
    </ClInclude>
    <ClInclude Include="blind_seeker_launcher.h">
      <Filter>Header Files\objects\weapons</Filter>
    </ClInclude>
    <ClInclude Include="arc_connector.h">
      <Filter>Header Files\objects\weapons</Filter>
    </ClInclude>
    <ClInclude Include="spark_gun.h">
      <Filter>Header Files\objects\weapons</Filter>
    </ClInclude>
    <ClInclude Include="refractor_gun.h">
      <Filter>Header Files\objects\weapons</Filter>
    </ClInclude>
    <ClInclude Include="laser_cannon_bullet.h">
      <Filter>Header Files\objects\projectiles</Filter>
    </ClInclude>
    <ClInclude Include="graph.h">
      <Filter>Header Files\geometry</Filter>
    </ClInclude>
    <ClInclude Include="ribbon2.h">
      <Filter>Header Files\render\renderable</Filter>
    </ClInclude>
    <ClInclude Include="industrial_laser_beam.h">
      <Filter>Header Files\objects\projectiles</Filter>
    </ClInclude>
    <ClInclude Include="raycast.h">
      <Filter>Header Files\collision</Filter>
    </ClInclude>
    <ClInclude Include="collision_queue.h">
      <Filter>Header Files\collision</Filter>
    </ClInclude>
  </ItemGroup>
  <ItemGroup>
    <ClCompile Include="clock.cpp">
      <Filter>Source Files\framework</Filter>
    </ClCompile>
    <ClCompile Include="main.cpp">
      <Filter>Source Files\framework</Filter>
    </ClCompile>
    <ClCompile Include="transform.cpp">
      <Filter>Source Files\geometry</Filter>
    </ClCompile>
    <ClCompile Include="stepper.cpp">
      <Filter>Source Files\util</Filter>
    </ClCompile>
    <ClCompile Include="log.cpp">
      <Filter>Source Files\util</Filter>
    </ClCompile>
    <ClCompile Include="windows_error.cpp">
      <Filter>Source Files\util</Filter>
    </ClCompile>
    <ClCompile Include="async_task.cpp">
      <Filter>Source Files\framework\async</Filter>
    </ClCompile>
    <ClCompile Include="trackable_async_task.cpp">
      <Filter>Source Files\framework\async</Filter>
    </ClCompile>
    <ClCompile Include="render_pass.cpp">
      <Filter>Source Files\render</Filter>
    </ClCompile>
    <ClCompile Include="transformable_object.cpp">
      <Filter>Source Files\geometry</Filter>
    </ClCompile>
    <ClCompile Include="game_engine.cpp">
      <Filter>Source Files\framework</Filter>
    </ClCompile>
    <ClCompile Include="texture.cpp">
      <Filter>Source Files\render\texture</Filter>
    </ClCompile>
    <ClCompile Include="texture_settings.cpp">
      <Filter>Source Files\render\texture</Filter>
    </ClCompile>
    <ClCompile Include="texture_instance.cpp">
      <Filter>Source Files\render\texture</Filter>
    </ClCompile>
    <ClCompile Include="render_manager.cpp">
      <Filter>Source Files\render</Filter>
    </ClCompile>
    <ClCompile Include="filtered_object.cpp">
      <Filter>Source Files\framework</Filter>
    </ClCompile>
    <ClCompile Include="filter_query.cpp">
      <Filter>Source Files\framework</Filter>
    </ClCompile>
    <ClCompile Include="disableable_object.cpp">
      <Filter>Source Files\framework</Filter>
    </ClCompile>
    <ClCompile Include="asset.cpp">
      <Filter>Source Files\framework</Filter>
    </ClCompile>
    <ClCompile Include="asset_manager.cpp">
      <Filter>Source Files\framework</Filter>
    </ClCompile>
    <ClCompile Include="key.cpp">
      <Filter>Source Files\framework</Filter>
    </ClCompile>
    <ClCompile Include="keyboard_state.cpp">
      <Filter>Source Files\framework</Filter>
    </ClCompile>
    <ClCompile Include="mouse_state.cpp">
      <Filter>Source Files\framework</Filter>
    </ClCompile>
    <ClCompile Include="input_listener.cpp">
      <Filter>Source Files\framework\input</Filter>
    </ClCompile>
    <ClCompile Include="input_manager.cpp">
      <Filter>Source Files\framework\input</Filter>
    </ClCompile>
    <ClCompile Include="raw_input_event.cpp">
      <Filter>Source Files\framework\input</Filter>
    </ClCompile>
    <ClCompile Include="input_bindings.cpp">
      <Filter>Source Files\framework\input</Filter>
    </ClCompile>
    <ClCompile Include="frame_rate_manager.cpp">
      <Filter>Source Files\framework</Filter>
    </ClCompile>
    <ClCompile Include="per_frame_update_manager.cpp">
      <Filter>Source Files\framework</Filter>
    </ClCompile>
    <ClCompile Include="per_frame_updateable_object.cpp">
      <Filter>Source Files\framework</Filter>
    </ClCompile>
    <ClCompile Include="mesh_vertex_data.cpp">
      <Filter>Source Files\geometry</Filter>
    </ClCompile>
    <ClCompile Include="exceptions.cpp">
      <Filter>Source Files\util</Filter>
    </ClCompile>
    <ClCompile Include="window_manager.cpp">
      <Filter>Source Files\framework</Filter>
    </ClCompile>
    <ClCompile Include="window_proc.cpp">
      <Filter>Source Files\framework\input</Filter>
    </ClCompile>
    <ClCompile Include="mesh_vertex_gpu_pusher.cpp">
      <Filter>Source Files\geometry</Filter>
    </ClCompile>
    <ClCompile Include="collision_evaluator.cpp">
      <Filter>Source Files\collision\evaluators</Filter>
    </ClCompile>
    <ClCompile Include="collision_mask.cpp">
      <Filter>Source Files\collision\masks</Filter>
    </ClCompile>
    <ClCompile Include="editable_text.cpp">
      <Filter>Source Files\objects</Filter>
    </ClCompile>
    <ClCompile Include="input_context.cpp">
      <Filter>Source Files\framework\input\contexts</Filter>
    </ClCompile>
    <ClCompile Include="keyboard_action_identifier.cpp">
      <Filter>Source Files\framework\input\identifiers</Filter>
    </ClCompile>
    <ClCompile Include="keyboard_range_identifier.cpp">
      <Filter>Source Files\framework\input\identifiers</Filter>
    </ClCompile>
    <ClCompile Include="keyboard_state_identifier.cpp">
      <Filter>Source Files\framework\input\identifiers</Filter>
    </ClCompile>
    <ClCompile Include="text_input_context.cpp">
      <Filter>Source Files\framework\input\contexts</Filter>
    </ClCompile>
    <ClCompile Include="test_input_context.cpp">
      <Filter>Source Files\framework\input\contexts</Filter>
    </ClCompile>
    <ClCompile Include="keyboard_text_input_context.cpp">
      <Filter>Source Files\framework\input\contexts</Filter>
    </ClCompile>
    <ClCompile Include="mouse_action_identifier.cpp">
      <Filter>Source Files\framework\input\identifiers</Filter>
    </ClCompile>
    <ClCompile Include="mouse_range_identifier.cpp">
      <Filter>Source Files\framework\input\identifiers</Filter>
    </ClCompile>
    <ClCompile Include="mouse_state_identifier.cpp">
      <Filter>Source Files\framework\input\identifiers</Filter>
    </ClCompile>
    <ClCompile Include="raw_input_state.cpp">
      <Filter>Source Files\framework\input</Filter>
    </ClCompile>
    <ClCompile Include="collision_manager.cpp">
      <Filter>Source Files\collision</Filter>
    </ClCompile>
    <ClCompile Include="collision_context.cpp">
      <Filter>Source Files\collision</Filter>
    </ClCompile>
    <ClCompile Include="async_task_manager.cpp">
      <Filter>Source Files\framework\async</Filter>
    </ClCompile>
    <ClCompile Include="rotation.cpp">
      <Filter>Source Files\geometry</Filter>
    </ClCompile>
    <ClCompile Include="unclamped_rotation.cpp">
      <Filter>Source Files\geometry</Filter>
    </ClCompile>
    <ClCompile Include="vector.cpp">
      <Filter>Source Files\geometry</Filter>
    </ClCompile>
    <ClCompile Include="in_place_collision_evaluator.cpp">
      <Filter>Source Files\collision\evaluators</Filter>
    </ClCompile>
    <ClCompile Include="depth_transform.cpp">
      <Filter>Source Files\geometry</Filter>
    </ClCompile>
    <ClCompile Include="deep_object.cpp">
      <Filter>Source Files\geometry</Filter>
    </ClCompile>
    <ClCompile Include="misc.cpp">
      <Filter>Source Files\util</Filter>
    </ClCompile>
    <ClCompile Include="axis_aligned_box.cpp">
      <Filter>Source Files\geometry</Filter>
    </ClCompile>
    <ClCompile Include="axis_aligned_half_space.cpp">
      <Filter>Source Files\geometry</Filter>
    </ClCompile>
    <ClCompile Include="axis_aligned_line.cpp">
      <Filter>Source Files\geometry</Filter>
    </ClCompile>
    <ClCompile Include="box.cpp">
      <Filter>Source Files\geometry</Filter>
    </ClCompile>
    <ClCompile Include="half_space.cpp">
      <Filter>Source Files\geometry</Filter>
    </ClCompile>
    <ClCompile Include="line.cpp">
      <Filter>Source Files\geometry</Filter>
    </ClCompile>
    <ClCompile Include="line_segment.cpp">
      <Filter>Source Files\geometry</Filter>
    </ClCompile>
    <ClCompile Include="ray.cpp">
      <Filter>Source Files\geometry</Filter>
    </ClCompile>
    <ClCompile Include="sphere.cpp">
      <Filter>Source Files\geometry</Filter>
    </ClCompile>
    <ClCompile Include="triangle.cpp">
      <Filter>Source Files\geometry</Filter>
    </ClCompile>
    <ClCompile Include="physics_manager.cpp">
      <Filter>Source Files\physics</Filter>
    </ClCompile>
    <ClCompile Include="rigid_body.cpp">
      <Filter>Source Files\physics\rigid body</Filter>
    </ClCompile>
    <ClCompile Include="uniform_force_field.cpp">
      <Filter>Source Files\physics\force field</Filter>
    </ClCompile>
    <ClCompile Include="force_field.cpp">
      <Filter>Source Files\physics\force field</Filter>
    </ClCompile>
    <ClCompile Include="binary_collision_tree.cpp">
      <Filter>Source Files\collision</Filter>
    </ClCompile>
    <ClCompile Include="basic_collision_mask.cpp">
      <Filter>Source Files\collision\masks</Filter>
    </ClCompile>
    <ClCompile Include="collision_basis_wrapper.cpp">
      <Filter>Source Files\collision</Filter>
    </ClCompile>
    <ClCompile Include="camera.cpp">
      <Filter>Source Files\render\camera</Filter>
    </ClCompile>
    <ClCompile Include="camera_manager.cpp">
      <Filter>Source Files\render\camera</Filter>
    </ClCompile>
    <ClCompile Include="text2.cpp">
      <Filter>Source Files\render\text</Filter>
    </ClCompile>
    <ClCompile Include="font_face.cpp">
      <Filter>Source Files\render\text</Filter>
    </ClCompile>
    <ClCompile Include="font_face_raster_set.cpp">
      <Filter>Source Files\render\text</Filter>
    </ClCompile>
    <ClCompile Include="font_manager.cpp">
      <Filter>Source Files\render\text</Filter>
    </ClCompile>
    <ClCompile Include="projection.cpp">
      <Filter>Source Files\render\camera</Filter>
    </ClCompile>
    <ClCompile Include="shader.cpp">
      <Filter>Source Files\render\shader</Filter>
    </ClCompile>
    <ClCompile Include="shader_program.cpp">
      <Filter>Source Files\render\shader</Filter>
    </ClCompile>
    <ClCompile Include="shader_program_instance.cpp">
      <Filter>Source Files\render\shader</Filter>
    </ClCompile>
    <ClCompile Include="window.cpp">
      <Filter>Source Files\render\target</Filter>
    </ClCompile>
    <ClCompile Include="render_target.cpp">
      <Filter>Source Files\render\target</Filter>
    </ClCompile>
    <ClCompile Include="framebuffer.cpp">
      <Filter>Source Files\render\target</Filter>
    </ClCompile>
    <ClCompile Include="renderable_object.cpp">
      <Filter>Source Files\render\renderable</Filter>
    </ClCompile>
    <ClCompile Include="circle_renderer.cpp">
      <Filter>Source Files\render\renderable</Filter>
    </ClCompile>
    <ClCompile Include="particle_system2.cpp">
      <Filter>Source Files\render\renderable</Filter>
    </ClCompile>
    <ClCompile Include="particle_system2_specifiers.cpp">
      <Filter>Source Files\render\renderable</Filter>
    </ClCompile>
    <ClCompile Include="mesh_sphere_tree.cpp">
      <Filter>Source Files\geometry</Filter>
    </ClCompile>
    <ClCompile Include="player_ship_renderer.cpp">
      <Filter>Source Files\objects\player ship</Filter>
    </ClCompile>
    <ClCompile Include="player_ship.cpp">
      <Filter>Source Files\objects\player ship</Filter>
    </ClCompile>
    <ClCompile Include="player_ship_mover.cpp">
      <Filter>Source Files\objects\player ship</Filter>
    </ClCompile>
    <ClCompile Include="player_ship_input_context.cpp">
      <Filter>Source Files\objects\player ship</Filter>
    </ClCompile>
    <ClCompile Include="game.cpp">
      <Filter>Source Files\framework</Filter>
    </ClCompile>
    <ClCompile Include="test_enemy_renderer.cpp">
      <Filter>Source Files\objects\test enemy</Filter>
    </ClCompile>
    <ClCompile Include="test_enemy.cpp">
      <Filter>Source Files\objects\test enemy</Filter>
    </ClCompile>
    <ClCompile Include="test_enemy_mover.cpp">
      <Filter>Source Files\objects\test enemy</Filter>
    </ClCompile>
    <ClCompile Include="sprite.cpp">
      <Filter>Source Files\render\renderable</Filter>
    </ClCompile>
    <ClCompile Include="pointer_input_context.cpp">
      <Filter>Source Files\framework\input\contexts</Filter>
    </ClCompile>
    <ClCompile Include="player_ship_camera_mover.cpp">
      <Filter>Source Files\objects\player ship</Filter>
    </ClCompile>
    <ClCompile Include="player_ship_weapons_system.cpp">
      <Filter>Source Files\objects\player ship</Filter>
    </ClCompile>
    <ClCompile Include="destruction_manager.cpp">
      <Filter>Source Files\framework</Filter>
    </ClCompile>
    <ClCompile Include="deep_transformable_object.cpp">
      <Filter>Source Files\geometry</Filter>
    </ClCompile>
    <ClCompile Include="particle_system2_factories.cpp">
      <Filter>Source Files\render\renderable</Filter>
    </ClCompile>
    <ClCompile Include="test_enemy_health.cpp">
      <Filter>Source Files\objects\test enemy</Filter>
    </ClCompile>
    <ClCompile Include="blend_settings.cpp">
      <Filter>Source Files\render</Filter>
    </ClCompile>
    <ClCompile Include="test_weapon.cpp">
      <Filter>Source Files\objects\weapons</Filter>
    </ClCompile>
    <ClCompile Include="test_bullet.cpp">
      <Filter>Source Files\objects\projectiles</Filter>
    </ClCompile>
    <ClCompile Include="laser_cannon.cpp">
      <Filter>Source Files\objects\weapons</Filter>
    </ClCompile>
    <ClCompile Include="laser_cannon_bullet.cpp">
      <Filter>Source Files\objects\projectiles</Filter>
    </ClCompile>
    <ClCompile Include="debug_mesh_vertex_data_renderer.cpp">
      <Filter>Source Files\render\renderable</Filter>
    </ClCompile>
    <ClCompile Include="ribbon2.cpp">
      <Filter>Source Files</Filter>
    </ClCompile>
    <ClCompile Include="industrial_laser.cpp">
      <Filter>Source Files</Filter>
    </ClCompile>
    <ClCompile Include="raycast.cpp">
      <Filter>Source Files\collision</Filter>
    </ClCompile>
    <ClCompile Include="industrial_laser_beam.cpp">
      <Filter>Source Files</Filter>
    </ClCompile>
    <ClCompile Include="weapon.cpp">
      <Filter>Source Files</Filter>
    </ClCompile>
  </ItemGroup>
  <ItemGroup>
    <ResourceCompile Include="GameEngine.rc">
      <Filter>Resource Files</Filter>
    </ResourceCompile>
  </ItemGroup>
  <ItemGroup>
    <Image Include="img\test.ico">
      <Filter>Resource Files</Filter>
    </Image>
  </ItemGroup>
</Project>